
Microsoft Visual Studio Solution File, Format Version 12.00
# Visual Studio 14
VisualStudioVersion = 14.0.25123.0
MinimumVisualStudioVersion = 10.0.40219.1
Project("{FAE04EC0-301F-11D3-BF4B-00C04F79EFBC}") = "University", "University\University.csproj", "{A430C86F-5D0B-40CD-8525-FFAF6D57C4AE}"
EndProject
Global
	GlobalSection(SolutionConfigurationPlatforms) = preSolution
		Debug|Any CPU = Debug|Any CPU
		Release|Any CPU = Release|Any CPU
	EndGlobalSection
	GlobalSection(ProjectConfigurationPlatforms) = postSolution
		{A430C86F-5D0B-40CD-8525-FFAF6D57C4AE}.Debug|Any CPU.ActiveCfg = Debug|Any CPU
		{A430C86F-5D0B-40CD-8525-FFAF6D57C4AE}.Debug|Any CPU.Build.0 = Debug|Any CPU
		{A430C86F-5D0B-40CD-8525-FFAF6D57C4AE}.Release|Any CPU.ActiveCfg = Release|Any CPU
		{A430C86F-5D0B-40CD-8525-FFAF6D57C4AE}.Release|Any CPU.Build.0 = Release|Any CPU
	EndGlobalSection
	GlobalSection(SolutionProperties) = preSolution
		HideSolutionNode = FALSE
	EndGlobalSection
EndGlobal
